{
  "nodes": {
    "crane": {
      "locked": {
        "lastModified": 1727824512,
        "narHash": "sha256-DvFQd58W20BEqh0BUt33eZhzPKBXGO/r9aiSFIVMaWU=",
        "owner": "ipetkov",
        "repo": "crane",
        "rev": "a376dd1efac7bce448857c62961c6311be26cb09",
        "type": "github"
      },
      "original": {
        "owner": "ipetkov",
        "repo": "crane",
        "type": "github"
      }
    },
    "flake-utils": {
      "inputs": {
        "systems": "systems"
      },
      "locked": {
        "lastModified": 1726560853,
        "narHash": "sha256-X6rJYSESBVr3hBoH0WbKE5KvhPU5bloyZ2L4K60/fPQ=",
        "owner": "numtide",
        "repo": "flake-utils",
        "rev": "c1dfcf08411b08f6b8615f7d8971a2bfa81d5e8a",
        "type": "github"
      },
      "original": {
        "owner": "numtide",
        "repo": "flake-utils",
        "type": "github"
      }
    },
    "nixlib": {
      "locked": {
        "lastModified": 1733620091,
        "narHash": "sha256-5WoMeCkaXqTZwwCNLRzyLxEJn8ISwjx4cNqLgqKwg9s=",
        "owner": "nix-community",
        "repo": "nixpkgs.lib",
        "rev": "f4dc9a6c02e5e14d91d158522f69f6ab4194eb5b",
        "type": "github"
      },
      "original": {
        "owner": "nix-community",
        "repo": "nixpkgs.lib",
        "type": "github"
      }
    },
    "nixos-generators": {
      "inputs": {
        "nixlib": "nixlib",
        "nixpkgs": [
          "nixpkgs"
        ]
      },
      "locked": {
        "lastModified": 1733706547,
        "narHash": "sha256-BdFW7TMgES7q8I5FGX5hlz+0Xp4WyfAP3tHDwEupSWU=",
        "owner": "nix-community",
        "repo": "nixos-generators",
        "rev": "f5a0197ccfef7388885fc9455e74d6dd39e0c5e8",
        "type": "github"
      },
      "original": {
        "owner": "nix-community",
        "repo": "nixos-generators",
        "type": "github"
      }
    },
    "nixpkgs": {
      "locked": {
        "lastModified": 1733550349,
        "narHash": "sha256-NcGumB4Lr6KSDq+nIqXtNA8QwAQKDSZT7N9OTGWbTrs=",
        "owner": "NixOS",
        "repo": "nixpkgs",
        "rev": "e2605d0744c2417b09f8bf850dfca42fcf537d34",
        "type": "github"
      },
      "original": {
        "owner": "NixOS",
        "ref": "nixos-24.11",
        "repo": "nixpkgs",
        "type": "github"
      }
    },
    "nixpkgs-unstable": {
      "locked": {
        "lastModified": 1733581040,
        "narHash": "sha256-Qn3nPMSopRQJgmvHzVqPcE3I03zJyl8cSbgnnltfFDY=",
        "owner": "NixOS",
        "repo": "nixpkgs",
        "rev": "22c3f2cf41a0e70184334a958e6b124fb0ce3e01",
        "type": "github"
      },
      "original": {
        "owner": "NixOS",
        "ref": "nixos-unstable",
        "repo": "nixpkgs",
        "type": "github"
      }
    },
    "nixpkgs_2": {
      "locked": {
        "lastModified": 1727811607,
        "narHash": "sha256-2ByOBflaIUJKeF9q6efVcYHljZXGZ7MnCWtseRvmpm8=",
        "owner": "NixOS",
        "repo": "nixpkgs",
        "rev": "1839883cd0068572aed75fb9442b508bbd9ef09c",
        "type": "github"
      },
      "original": {
        "owner": "NixOS",
        "ref": "nixpkgs-unstable",
        "repo": "nixpkgs",
        "type": "github"
      }
    },
    "root": {
      "inputs": {
        "nixos-generators": "nixos-generators",
        "nixpkgs": "nixpkgs",
        "nixpkgs-unstable": "nixpkgs-unstable",
        "wgsl-analyzer": "wgsl-analyzer"
      }
    },
    "systems": {
      "locked": {
        "lastModified": 1681028828,
        "narHash": "sha256-Vy1rq5AaRuLzOxct8nz4T6wlgyUR7zLU309k9mBC768=",
        "owner": "nix-systems",
        "repo": "default",
        "rev": "da67096a3b9bf56a91d16901293e51ba5b49a27e",
        "type": "github"
      },
      "original": {
        "owner": "nix-systems",
        "repo": "default",
        "type": "github"
      }
    },
    "wgsl-analyzer": {
      "inputs": {
        "crane": "crane",
        "flake-utils": "flake-utils",
        "nixpkgs": "nixpkgs_2"
      },
      "locked": {
        "lastModified": 1733233267,
        "narHash": "sha256-FEwrLnUIQnMxhKQHN3czDvRknI3RxFb94rBbwxTHouE=",
        "owner": "wgsl-analyzer",
        "repo": "wgsl-analyzer",
        "rev": "819805051f3407c2e328825f07389677711ba1e5",
        "type": "github"
      },
      "original": {
        "owner": "wgsl-analyzer",
        "repo": "wgsl-analyzer",
        "type": "github"
      }
    }
  },
  "root": "root",
  "version": 7
}
